
Microsoft Visual Studio Solution File, Format Version 12.00
# Visual Studio Version 16
VisualStudioVersion = 16.0.29509.3
MinimumVisualStudioVersion = 10.0.40219.1
Project("{8BC9CEB8-8B4A-11D0-8D11-00A0C91BC942}") = "list", "list.vcxproj", "{A21DE1A2-FA3D-4B38-94FB-51CDC1EF6CBE}"
EndProject
Global
	GlobalSection(SolutionConfigurationPlatforms) = preSolution
		Debug|x64 = Debug|x64
		Debug|x86 = Debug|x86
		Release|x64 = Release|x64
		Release|x86 = Release|x86
	EndGlobalSection
	GlobalSection(ProjectConfigurationPlatforms) = postSolution
		{A21DE1A2-FA3D-4B38-94FB-51CDC1EF6CBE}.Debug|x64.ActiveCfg = Debug|x64
		{A21DE1A2-FA3D-4B38-94FB-51CDC1EF6CBE}.Debug|x64.Build.0 = Debug|x64
		{A21DE1A2-FA3D-4B38-94FB-51CDC1EF6CBE}.Debug|x86.ActiveCfg = Debug|Win32
		{A21DE1A2-FA3D-4B38-94FB-51CDC1EF6CBE}.Debug|x86.Build.0 = Debug|Win32
		{A21DE1A2-FA3D-4B38-94FB-51CDC1EF6CBE}.Release|x64.ActiveCfg = Release|x64
		{A21DE1A2-FA3D-4B38-94FB-51CDC1EF6CBE}.Release|x64.Build.0 = Release|x64
		{A21DE1A2-FA3D-4B38-94FB-51CDC1EF6CBE}.Release|x86.ActiveCfg = Release|Win32
		{A21DE1A2-FA3D-4B38-94FB-51CDC1EF6CBE}.Release|x86.Build.0 = Release|Win32
	EndGlobalSection
	GlobalSection(SolutionProperties) = preSolution
		HideSolutionNode = FALSE
	EndGlobalSection
	GlobalSection(ExtensibilityGlobals) = postSolution
		SolutionGuid = {6DADD0F5-A9D3-4903-A707-B7C97D7BFE71}
	EndGlobalSection
EndGlobal
